Microsoft Visual Studio Solution File, Format Version 10.00
# Visual Studio 2008
Project("{FAE04EC0-301F-11D3-BF4B-00C04F79EFBC}") = "EmployeeAsUserExample.Module", "EmployeeAsUserExample.Module\EmployeeAsUserExample.Module.csproj", "{78007D7D-F5B2-44E7-9211-836C7C0814EF}"
EndProject
Project("{FAE04EC0-301F-11D3-BF4B-00C04F79EFBC}") = "EmployeeAsUserExample.Web", "EmployeeAsUserExample.Web\EmployeeAsUserExample.Web.csproj", "{0D6A50C5-27F8-4DF7-9871-96015BCB47AE}"
EndProject
Project("{FAE04EC0-301F-11D3-BF4B-00C04F79EFBC}") = "EmployeeAsUserExample.Win", "EmployeeAsUserExample.Win\EmployeeAsUserExample.Win.csproj", "{40406506-30FE-4FF0-A8A3-9AC8D49DFFE4}"
EndProject
Global
	GlobalSection(SolutionConfigurationPlatforms) = preSolution
		Debug|Any CPU = Debug|Any CPU
		EasyTest|Any CPU = EasyTest|Any CPU
		Release|Any CPU = Release|Any CPU
	EndGlobalSection
	GlobalSection(ProjectConfigurationPlatforms) = postSolution
		{78007D7D-F5B2-44E7-9211-836C7C0814EF}.Debug|Any CPU.ActiveCfg = Debug|Any CPU
		{78007D7D-F5B2-44E7-9211-836C7C0814EF}.Debug|Any CPU.Build.0 = Debug|Any CPU
		{78007D7D-F5B2-44E7-9211-836C7C0814EF}.EasyTest|Any CPU.ActiveCfg = EasyTest|Any CPU
		{78007D7D-F5B2-44E7-9211-836C7C0814EF}.EasyTest|Any CPU.Build.0 = EasyTest|Any CPU
		{78007D7D-F5B2-44E7-9211-836C7C0814EF}.Release|Any CPU.ActiveCfg = Release|Any CPU
		{78007D7D-F5B2-44E7-9211-836C7C0814EF}.Release|Any CPU.Build.0 = Release|Any CPU
		{0D6A50C5-27F8-4DF7-9871-96015BCB47AE}.Debug|Any CPU.ActiveCfg = Debug|Any CPU
		{0D6A50C5-27F8-4DF7-9871-96015BCB47AE}.Debug|Any CPU.Build.0 = Debug|Any CPU
		{0D6A50C5-27F8-4DF7-9871-96015BCB47AE}.EasyTest|Any CPU.ActiveCfg = EasyTest|Any CPU
		{0D6A50C5-27F8-4DF7-9871-96015BCB47AE}.EasyTest|Any CPU.Build.0 = EasyTest|Any CPU
		{0D6A50C5-27F8-4DF7-9871-96015BCB47AE}.Release|Any CPU.ActiveCfg = Release|Any CPU
		{0D6A50C5-27F8-4DF7-9871-96015BCB47AE}.Release|Any CPU.Build.0 = Release|Any CPU
		{40406506-30FE-4FF0-A8A3-9AC8D49DFFE4}.Debug|Any CPU.ActiveCfg = Debug|Any CPU
		{40406506-30FE-4FF0-A8A3-9AC8D49DFFE4}.Debug|Any CPU.Build.0 = Debug|Any CPU
		{40406506-30FE-4FF0-A8A3-9AC8D49DFFE4}.EasyTest|Any CPU.ActiveCfg = EasyTest|Any CPU
		{40406506-30FE-4FF0-A8A3-9AC8D49DFFE4}.EasyTest|Any CPU.Build.0 = EasyTest|Any CPU
		{40406506-30FE-4FF0-A8A3-9AC8D49DFFE4}.Release|Any CPU.ActiveCfg = Release|Any CPU
		{40406506-30FE-4FF0-A8A3-9AC8D49DFFE4}.Release|Any CPU.Build.0 = Release|Any CPU
	EndGlobalSection
	GlobalSection(SolutionProperties) = preSolution
		HideSolutionNode = FALSE
	EndGlobalSection
EndGlobal
